// !$*UTF8*$!
{
	archiveVersion = 1;
	classes = {
	};
	objectVersion = 50;
	objects = {

/* Begin PBXBuildFile section */
		A96B092F24B6C37F00B10AD0 /* AppDelegate.swift in Sources */ = {isa = PBXBuildFile; fileRef = A96B092E24B6C37F00B10AD0 /* AppDelegate.swift */; };
		A96B093124B6C37F00B10AD0 /* SceneDelegate.swift in Sources */ = {isa = PBXBuildFile; fileRef = A96B093024B6C37F00B10AD0 /* SceneDelegate.swift */; };
		A96B093324B6C37F00B10AD0 /* ViewController.swift in Sources */ = {isa = PBXBuildFile; fileRef = A96B093224B6C37F00B10AD0 /* ViewController.swift */; };
		A96B093624B6C37F00B10AD0 /* Main.storyboard in Resources */ = {isa = PBXBuildFile; fileRef = A96B093424B6C37F00B10AD0 /* Main.storyboard */; };
		A96B093824B6C38100B10AD0 /* Assets.xcassets in Resources */ = {isa = PBXBuildFile; fileRef = A96B093724B6C38100B10AD0 /* Assets.xcassets */; };
		A96B093B24B6C38100B10AD0 /* LaunchScreen.storyboard in Resources */ = {isa = PBXBuildFile; fileRef = A96B093924B6C38100B10AD0 /* LaunchScreen.storyboard */; };
/* End PBXBuildFile section */

/* Begin PBXFileReference section */
		A96B092B24B6C37F00B10AD0 /* YourFirstUserInterface-2020-WarCardGame.app */ = {isa = PBXFileReference; explicitFileType = wrapper.application; includeInIndex = 0; path = "YourFirstUserInterface-2020-WarCardGame.app"; sourceTree = BUILT_PRODUCTS_DIR; };
		A96B092E24B6C37F00B10AD0 /* AppDelegate.swift */ = {isa = PBXFileReference; lastKnownFileType = sourcecode.swift; path = AppDelegate.swift; sourceTree = "<group>"; };
		A96B093024B6C37F00B10AD0 /* SceneDelegate.swift */ = {isa = PBXFileReference; lastKnownFileType = sourcecode.swift; path = SceneDelegate.swift; sourceTree = "<group>"; };
		A96B093224B6C37F00B10AD0 /* ViewController.swift */ = {isa = PBXFileReference; lastKnownFileType = sourcecode.swift; path = ViewController.swift; sourceTree = "<group>"; };
		A96B093524B6C37F00B10AD0 /* Base */ = {isa = PBXFileReference; lastKnownFileType = file.storyboard; name = Base; path = Base.lproj/Main.storyboard; sourceTree = "<group>"; };
		A96B093724B6C38100B10AD0 /* Assets.xcassets */ = {isa = PBXFileReference; lastKnownFileType = folder.assetcatalog; path = Assets.xcassets; sourceTree = "<group>"; };
		A96B093A24B6C38100B10AD0 /* Base */ = {isa = PBXFileReference; lastKnownFileType = file.storyboard; name = Base; path = Base.lproj/LaunchScreen.storyboard; sourceTree = "<group>"; };
		A96B093C24B6C38100B10AD0 /* Info.plist */ = {isa = PBXFileReference; lastKnownFileType = text.plist.xml; path = Info.plist; sourceTree = "<group>"; };
/* End PBXFileReference section */

/* Begin PBXFrameworksBuildPhase section */
		A96B092824B6C37F00B10AD0 /* Frameworks */ = {
			isa = PBXFrameworksBuildPhase;
			buildActionMask = 2147483647;
			files = (
			);
			runOnlyForDeploymentPostprocessing = 0;
		};
/* End PBXFrameworksBuildPhase section */

/* Begin PBXGroup section */
		A96B092224B6C37F00B10AD0 = {
			isa = PBXGroup;
			children = (
				A96B092D24B6C37F00B10AD0 /* YourFirstUserInterface-2020-WarCardGame */,
				A96B092C24B6C37F00B10AD0 /* Products */,
			);
			sourceTree = "<group>";
		};
		A96B092C24B6C37F00B10AD0 /* Products */ = {
			isa = PBXGroup;
			children = (
				A96B092B24B6C37F00B10AD0 /* YourFirstUserInterface-2020-WarCardGame.app */,
			);
			name = Products;
			sourceTree = "<group>";
		};
		A96B092D24B6C37F00B10AD0 /* YourFirstUserInterface-2020-WarCardGame */ = {
			isa = PBXGroup;
			children = (
				A96B092E24B6C37F00B10AD0 /* AppDelegate.swift */,
				A96B093024B6C37F00B10AD0 /* SceneDelegate.swift */,
				A96B093224B6C37F00B10AD0 /* ViewController.swift */,
				A96B093424B6C37F00B10AD0 /* Main.storyboard */,
				A96B093724B6C38100B10AD0 /* Assets.xcassets */,
				A96B093924B6C38100B10AD0 /* LaunchScreen.storyboard */,
				A96B093C24B6C38100B10AD0 /* Info.plist */,
			);
			path = "YourFirstUserInterface-2020-WarCardGame";
			sourceTree = "<group>";
		};
/* End PBXGroup section */

/* Begin PBXNativeTarget section */
		A96B092A24B6C37F00B10AD0 /* YourFirstUserInterface-2020-WarCardGame */ = {
			isa = PBXNativeTarget;
			buildConfigurationList = A96B093F24B6C38100B10AD0 /* Build configuration list for PBXNativeTarget "YourFirstUserInterface-2020-WarCardGame" */;
			buildPhases = (
				A96B092724B6C37F00B10AD0 /* Sources */,
				A96B092824B6C37F00B10AD0 /* Frameworks */,
				A96B092924B6C37F00B10AD0 /* Resources */,
			);
			buildRules = (
			);
			dependencies = (
			);
			name = "YourFirstUserInterface-2020-WarCardGame";
			productName = "YourFirstUserInterface-2020-WarCardGame";
			productReference = A96B092B24B6C37F00B10AD0 /* YourFirstUserInterface-2020-WarCardGame.app */;
			productType = "com.apple.product-type.application";
		};
/* End PBXNativeTarget section */

/* Begin PBXProject section */
		A96B092324B6C37F00B10AD0 /* Project object */ = {
			isa = PBXProject;
			attributes = {
				LastSwiftUpdateCheck = 1150;
				LastUpgradeCheck = 1150;
				ORGANIZATIONNAME = "michael tamsil";
				TargetAttributes = {
					A96B092A24B6C37F00B10AD0 = {
						CreatedOnToolsVersion = 11.5;
					};
				};
			};
			buildConfigurationList = A96B092624B6C37F00B10AD0 /* Build configuration list for PBXProject "YourFirstUserInterface-2020-WarCardGame" */;
			compatibilityVersion = "Xcode 9.3";
			developmentRegion = en;
			hasScannedForEncodings = 0;
			knownRegions = (
				en,
				Base,
			);
			mainGroup = A96B092224B6C37F00B10AD0;
			productRefGroup = A96B092C24B6C37F00B10AD0 /* Products */;
			projectDirPath = "";
			projectRoot = "";
			targets = (
				A96B092A24B6C37F00B10AD0 /* YourFirstUserInterface-2020-WarCardGame */,
			);
		};
/* End PBXProject section */

/* Begin PBXResourcesBuildPhase section */
		A96B092924B6C37F00B10AD0 /* Resources */ = {
			isa = PBXResourcesBuildPhase;
			buildActionMask = 2147483647;
			files = (
				A96B093B24B6C38100B10AD0 /* LaunchScreen.storyboard in Resources */,
				A96B093824B6C38100B10AD0 /* Assets.xcassets in Resources */,
				A96B093624B6C37F00B10AD0 /* Main.storyboard in Resources */,
			);
			runOnlyForDeploymentPostprocessing = 0;
		};
/* End PBXResourcesBuildPhase section */

/* Begin PBXSourcesBuildPhase section */
		A96B092724B6C37F00B10AD0 /* Sources */ = {
			isa = PBXSourcesBuildPhase;
			buildActionMask = 2147483647;
			files = (
				A96B093324B6C37F00B10AD0 /* ViewController.swift in Sources */,
				A96B092F24B6C37F00B10AD0 /* AppDelegate.swift in Sources */,
				A96B093124B6C37F00B10AD0 /* SceneDelegate.swift in Sources */,
			);
			runOnlyForDeploymentPostprocessing = 0;
		};
/* End PBXSourcesBuildPhase section */

/* Begin PBXVariantGroup section */
		A96B093424B6C37F00B10AD0 /* Main.storyboard */ = {
			isa = PBXVariantGroup;
			children = (
				A96B093524B6C37F00B10AD0 /* Base */,
			);
			name = Main.storyboard;
			sourceTree = "<group>";
		};
		A96B093924B6C38100B10AD0 /* LaunchScreen.storyboard */ = {
			isa = PBXVariantGroup;
			children = (
				A96B093A24B6C38100B10AD0 /* Base */,
			);
			name = LaunchScreen.storyboard;
			sourceTree = "<group>";
		};
/* End PBXVariantGroup section */

/* Begin XCBuildConfiguration section */
		A96B093D24B6C38100B10AD0 /* Debug */ = {
			isa = XCBuildConfiguration;
			buildSettings = {
				ALWAYS_SEARCH_USER_PATHS = NO;
				CLANG_ANALYZER_NONNULL = YES;
				CLANG_ANALYZER_NUMBER_OBJECT_CONVERSION = YES_AGGRESSIVE;
				CLANG_CXX_LANGUAGE_STANDARD = "gnu++14";
				CLANG_CXX_LIBRARY = "libc++";
				CLANG_ENABLE_MODULES = YES;
				CLANG_ENABLE_OBJC_ARC = YES;
				CLANG_ENABLE_OBJC_WEAK = YES;
				CLANG_WARN_BLOCK_CAPTURE_AUTORELEASING = YES;
				CLANG_WARN_BOOL_CONVERSION = YES;
				CLANG_WARN_COMMA = YES;
				CLANG_WARN_CONSTANT_CONVERSION = YES;
				CLANG_WARN_DEPRECATED_OBJC_IMPLEMENTATIONS = YES;
				CLANG_WARN_DIRECT_OBJC_ISA_USAGE = YES_ERROR;
				CLANG_WARN_DOCUMENTATION_COMMENTS = YES;
				CLANG_WARN_EMPTY_BODY = YES;
				CLANG_WARN_ENUM_CONVERSION = YES;
				CLANG_WARN_INFINITE_RECURSION = YES;
				CLANG_WARN_INT_CONVERSION = YES;
				CLANG_WARN_NON_LITERAL_NULL_CONVERSION = YES;
				CLANG_WARN_OBJC_IMPLICIT_RETAIN_SELF = YES;
				CLANG_WARN_OBJC_LITERAL_CONVERSION = YES;
				CLANG_WARN_OBJC_ROOT_CLASS = YES_ERROR;
				CLANG_WARN_RANGE_LOOP_ANALYSIS = YES;
				CLANG_WARN_STRICT_PROTOTYPES = YES;
				CLANG_WARN_SUSPICIOUS_MOVE = YES;
				CLANG_WARN_UNGUARDED_AVAILABILITY = YES_AGGRESSIVE;
				CLANG_WARN_UNREACHABLE_CODE = YES;
				CLANG_WARN__DUPLICATE_METHOD_MATCH = YES;
				COPY_PHASE_STRIP = NO;
				DEBUG_INFORMATION_FORMAT = dwarf;
				ENABLE_STRICT_OBJC_MSGSEND = YES;
				ENABLE_TESTABILITY = YES;
				GCC_C_LANGUAGE_STANDARD = gnu11;
				GCC_DYNAMIC_NO_PIC = NO;
				GCC_NO_COMMON_BLOCKS = YES;
				GCC_OPTIMIZATION_LEVEL = 0;
				GCC_PREPROCESSOR_DEFINITIONS = (
					"DEBUG=1",
					"$(inherited)",
				);
				GCC_WARN_64_TO_32_BIT_CONVERSION = YES;
				GCC_WARN_ABOUT_RETURN_TYPE = YES_ERROR;
				GCC_WARN_UNDECLARED_SELECTOR = YES;
				GCC_WARN_UNINITIALIZED_AUTOS = YES_AGGRESSIVE;
				GCC_WARN_UNUSED_FUNCTION = YES;
				GCC_WARN_UNUSED_VARIABLE = YES;
				IPHONEOS_DEPLOYMENT_TARGET = 13.5;
				MTL_ENABLE_DEBUG_INFO = INCLUDE_SOURCE;
				MTL_FAST_MATH = YES;
				ONLY_ACTIVE_ARCH = YES;
				SDKROOT = iphoneos;
				SWIFT_ACTIVE_COMPILATION_CONDITIONS = DEBUG;
				SWIFT_OPTIMIZATION_LEVEL = "-Onone";
			};
			name = Debug;
		};
		A96B093E24B6C38100B10AD0 /* Release */ = {
			isa = XCBuildConfiguration;
			buildSettings = {
				ALWAYS_SEARCH_USER_PATHS = NO;
				CLANG_ANALYZER_NONNULL = YES;
				CLANG_ANALYZER_NUMBER_OBJECT_CONVERSION = YES_AGGRESSIVE;
				CLANG_CXX_LANGUAGE_STANDARD = "gnu++14";
				CLANG_CXX_LIBRARY = "libc++";
				CLANG_ENABLE_MODULES = YES;
				CLANG_ENABLE_OBJC_ARC = YES;
				CLANG_ENABLE_OBJC_WEAK = YES;
				CLANG_WARN_BLOCK_CAPTURE_AUTORELEASING = YES;
				CLANG_WARN_BOOL_CONVERSION = YES;
				CLANG_WARN_COMMA = YES;
				CLANG_WARN_CONSTANT_CONVERSION = YES;
				CLANG_WARN_DEPRECATED_OBJC_IMPLEMENTATIONS = YES;
				CLANG_WARN_DIRECT_OBJC_ISA_USAGE = YES_ERROR;
				CLANG_WARN_DOCUMENTATION_COMMENTS = YES;
				CLANG_WARN_EMPTY_BODY = YES;
				CLANG_WARN_ENUM_CONVERSION = YES;
				CLANG_WARN_INFINITE_RECURSION = YES;
				CLANG_WARN_INT_CONVERSION = YES;
				CLANG_WARN_NON_LITERAL_NULL_CONVERSION = YES;
				CLANG_WARN_OBJC_IMPLICIT_RETAIN_SELF = YES;
				CLANG_WARN_OBJC_LITERAL_CONVERSION = YES;
				CLANG_WARN_OBJC_ROOT_CLASS = YES_ERROR;
				CLANG_WARN_RANGE_LOOP_ANALYSIS = YES;
				CLANG_WARN_STRICT_PROTOTYPES = YES;
				CLANG_WARN_SUSPICIOUS_MOVE = YES;
				CLANG_WARN_UNGUARDED_AVAILABILITY = YES_AGGRESSIVE;
				CLANG_WARN_UNREACHABLE_CODE = YES;
				CLANG_WARN__DUPLICATE_METHOD_MATCH = YES;
				COPY_PHASE_STRIP = NO;
				DEBUG_INFORMATION_FORMAT = "dwarf-with-dsym";
				ENABLE_NS_ASSERTIONS = NO;
				ENABLE_STRICT_OBJC_MSGSEND = YES;
				GCC_C_LANGUAGE_STANDARD = gnu11;
				GCC_NO_COMMON_BLOCKS = YES;
				GCC_WARN_64_TO_32_BIT_CONVERSION = YES;
				GCC_WARN_ABOUT_RETURN_TYPE = YES_ERROR;
				GCC_WARN_UNDECLARED_SELECTOR = YES;
				GCC_WARN_UNINITIALIZED_AUTOS = YES_AGGRESSIVE;
				GCC_WARN_UNUSED_FUNCTION = YES;
				GCC_WARN_UNUSED_VARIABLE = YES;
				IPHONEOS_DEPLOYMENT_TARGET = 13.5;
				MTL_ENABLE_DEBUG_INFO = NO;
				MTL_FAST_MATH = YES;
				SDKROOT = iphoneos;
				SWIFT_COMPILATION_MODE = wholemodule;
				SWIFT_OPTIMIZATION_LEVEL = "-O";
				VALIDATE_PRODUCT = YES;
			};
			name = Release;
		};
		A96B094024B6C38100B10AD0 /* Debug */ = {
			isa = XCBuildConfiguration;
			buildSettings = {
				ASSETCATALOG_COMPILER_APPICON_NAME = AppIcon;
				CODE_SIGN_STYLE = Automatic;
				DEVELOPMENT_TEAM = J5T564JM4P;
				INFOPLIST_FILE = "YourFirstUserInterface-2020-WarCardGame/Info.plist";
				LD_RUNPATH_SEARCH_PATHS = (
					"$(inherited)",
					"@executable_path/Frameworks",
				);
				PRODUCT_BUNDLE_IDENTIFIER = "com.michaeltamsil.YourFirstUserInterface-2020-WarCardGame";
				PRODUCT_NAME = "$(TARGET_NAME)";
				SWIFT_VERSION = 5.0;
				TARGETED_DEVICE_FAMILY = "1,2";
			};
			name = Debug;
		};
		A96B094124B6C38100B10AD0 /* Release */ = {
			isa = XCBuildConfiguration;
			buildSettings = {
				ASSETCATALOG_COMPILER_APPICON_NAME = AppIcon;
				CODE_SIGN_STYLE = Automatic;
				DEVELOPMENT_TEAM = J5T564JM4P;
				INFOPLIST_FILE = "YourFirstUserInterface-2020-WarCardGame/Info.plist";
				LD_RUNPATH_SEARCH_PATHS = (
					"$(inherited)",
					"@executable_path/Frameworks",
				);
				PRODUCT_BUNDLE_IDENTIFIER = "com.michaeltamsil.YourFirstUserInterface-2020-WarCardGame";
				PRODUCT_NAME = "$(TARGET_NAME)";
				SWIFT_VERSION = 5.0;
				TARGETED_DEVICE_FAMILY = "1,2";
			};
			name = Release;
		};
/* End XCBuildConfiguration section */

/* Begin XCConfigurationList section */
		A96B092624B6C37F00B10AD0 /* Build configuration list for PBXProject "YourFirstUserInterface-2020-WarCardGame" */ = {
			isa = XCConfigurationList;
			buildConfigurations = (
				A96B093D24B6C38100B10AD0 /* Debug */,
				A96B093E24B6C38100B10AD0 /* Release */,
			);
			defaultConfigurationIsVisible = 0;
			defaultConfigurationName = Release;
		};
		A96B093F24B6C38100B10AD0 /* Build configuration list for PBXNativeTarget "YourFirstUserInterface-2020-WarCardGame" */ = {
			isa = XCConfigurationList;
			buildConfigurations = (
				A96B094024B6C38100B10AD0 /* Debug */,
				A96B094124B6C38100B10AD0 /* Release */,
			);
			defaultConfigurationIsVisible = 0;
			defaultConfigurationName = Release;
		};
/* End XCConfigurationList section */
	};
	rootObject = A96B092324B6C37F00B10AD0 /* Project object */;
}
